
Microsoft Visual Studio Solution File, Format Version 12.00
# Visual Studio Version 17
VisualStudioVersion = 17.13.35825.156
MinimumVisualStudioVersion = 10.0.40219.1
Project("{FAE04EC0-301F-11D3-BF4B-00C04F79EFBC}") = "WinFormZZ", "WinFormZZ\WinFormZZ.csproj", "{6AF102F0-B675-48F7-B4B4-D713AB73BF8D}"
EndProject
Project("{FAE04EC0-301F-11D3-BF4B-00C04F79EFBC}") = "MyLib", "MyLib\MyLib.csproj", "{031FFA09-95FB-4B5D-B187-ED1D8CA21945}"
EndProject
Project("{FAE04EC0-301F-11D3-BF4B-00C04F79EFBC}") = "Testing", "Testing\Testing.csproj", "{CDE6CBE0-99FE-4D6C-94B0-B08A57BCE1F6}"
EndProject
Project("{FAE04EC0-301F-11D3-BF4B-00C04F79EFBC}") = "ShapeControl", "ShapeControl\ShapeControl.csproj", "{3FD4A371-4EA5-4CE5-8EB8-8D10CA28EFFB}"
EndProject
Global
	GlobalSection(SolutionConfigurationPlatforms) = preSolution
		Debug|Any CPU = Debug|Any CPU
		Release|Any CPU = Release|Any CPU
	EndGlobalSection
	GlobalSection(ProjectConfigurationPlatforms) = postSolution
		{6AF102F0-B675-48F7-B4B4-D713AB73BF8D}.Debug|Any CPU.ActiveCfg = Debug|Any CPU
		{6AF102F0-B675-48F7-B4B4-D713AB73BF8D}.Debug|Any CPU.Build.0 = Debug|Any CPU
		{6AF102F0-B675-48F7-B4B4-D713AB73BF8D}.Release|Any CPU.ActiveCfg = Release|Any CPU
		{6AF102F0-B675-48F7-B4B4-D713AB73BF8D}.Release|Any CPU.Build.0 = Release|Any CPU
		{031FFA09-95FB-4B5D-B187-ED1D8CA21945}.Debug|Any CPU.ActiveCfg = Debug|Any CPU
		{031FFA09-95FB-4B5D-B187-ED1D8CA21945}.Debug|Any CPU.Build.0 = Debug|Any CPU
		{031FFA09-95FB-4B5D-B187-ED1D8CA21945}.Release|Any CPU.ActiveCfg = Release|Any CPU
		{031FFA09-95FB-4B5D-B187-ED1D8CA21945}.Release|Any CPU.Build.0 = Release|Any CPU
		{CDE6CBE0-99FE-4D6C-94B0-B08A57BCE1F6}.Debug|Any CPU.ActiveCfg = Debug|Any CPU
		{CDE6CBE0-99FE-4D6C-94B0-B08A57BCE1F6}.Debug|Any CPU.Build.0 = Debug|Any CPU
		{CDE6CBE0-99FE-4D6C-94B0-B08A57BCE1F6}.Release|Any CPU.ActiveCfg = Release|Any CPU
		{CDE6CBE0-99FE-4D6C-94B0-B08A57BCE1F6}.Release|Any CPU.Build.0 = Release|Any CPU
		{3FD4A371-4EA5-4CE5-8EB8-8D10CA28EFFB}.Debug|Any CPU.ActiveCfg = Debug|Any CPU
		{3FD4A371-4EA5-4CE5-8EB8-8D10CA28EFFB}.Debug|Any CPU.Build.0 = Debug|Any CPU
		{3FD4A371-4EA5-4CE5-8EB8-8D10CA28EFFB}.Release|Any CPU.ActiveCfg = Release|Any CPU
		{3FD4A371-4EA5-4CE5-8EB8-8D10CA28EFFB}.Release|Any CPU.Build.0 = Release|Any CPU
	EndGlobalSection
	GlobalSection(SolutionProperties) = preSolution
		HideSolutionNode = FALSE
	EndGlobalSection
	GlobalSection(ExtensibilityGlobals) = postSolution
		SolutionGuid = {801799B4-8BC9-4766-9ACB-8776063BC524}
	EndGlobalSection
EndGlobal
